
Microsoft Visual Studio Solution File, Format Version 12.00
# Visual Studio Version 17
VisualStudioVersion = 17.0.31903.59
MinimumVisualStudioVersion = 10.0.40219.1
Project("{FAE04EC0-301F-11D3-BF4B-00C04F79EFBC}") = "GameStore.API", "GameStore.API\GameStore.API.csproj", "{B5F3D6F6-B45A-465C-9FF5-FABE3191D0A7}"
EndProject
Project("{FAE04EC0-301F-11D3-BF4B-00C04F79EFBC}") = "GameStore.Frontend", "GameStore.Frontend\GameStore.Frontend.csproj", "{1CA8CEF4-F5A9-40D4-AB57-B7FDFA371F01}"
EndProject
Global
	GlobalSection(SolutionConfigurationPlatforms) = preSolution
		Debug|Any CPU = Debug|Any CPU
		Debug|x64 = Debug|x64
		Debug|x86 = Debug|x86
		Release|Any CPU = Release|Any CPU
		Release|x64 = Release|x64
		Release|x86 = Release|x86
	EndGlobalSection
	GlobalSection(ProjectConfigurationPlatforms) = postSolution
		{B5F3D6F6-B45A-465C-9FF5-FABE3191D0A7}.Debug|Any CPU.ActiveCfg = Debug|Any CPU
		{B5F3D6F6-B45A-465C-9FF5-FABE3191D0A7}.Debug|Any CPU.Build.0 = Debug|Any CPU
		{B5F3D6F6-B45A-465C-9FF5-FABE3191D0A7}.Debug|x64.ActiveCfg = Debug|Any CPU
		{B5F3D6F6-B45A-465C-9FF5-FABE3191D0A7}.Debug|x64.Build.0 = Debug|Any CPU
		{B5F3D6F6-B45A-465C-9FF5-FABE3191D0A7}.Debug|x86.ActiveCfg = Debug|Any CPU
		{B5F3D6F6-B45A-465C-9FF5-FABE3191D0A7}.Debug|x86.Build.0 = Debug|Any CPU
		{B5F3D6F6-B45A-465C-9FF5-FABE3191D0A7}.Release|Any CPU.ActiveCfg = Release|Any CPU
		{B5F3D6F6-B45A-465C-9FF5-FABE3191D0A7}.Release|Any CPU.Build.0 = Release|Any CPU
		{B5F3D6F6-B45A-465C-9FF5-FABE3191D0A7}.Release|x64.ActiveCfg = Release|Any CPU
		{B5F3D6F6-B45A-465C-9FF5-FABE3191D0A7}.Release|x64.Build.0 = Release|Any CPU
		{B5F3D6F6-B45A-465C-9FF5-FABE3191D0A7}.Release|x86.ActiveCfg = Release|Any CPU
		{B5F3D6F6-B45A-465C-9FF5-FABE3191D0A7}.Release|x86.Build.0 = Release|Any CPU
		{1CA8CEF4-F5A9-40D4-AB57-B7FDFA371F01}.Debug|Any CPU.ActiveCfg = Debug|Any CPU
		{1CA8CEF4-F5A9-40D4-AB57-B7FDFA371F01}.Debug|Any CPU.Build.0 = Debug|Any CPU
		{1CA8CEF4-F5A9-40D4-AB57-B7FDFA371F01}.Debug|x64.ActiveCfg = Debug|Any CPU
		{1CA8CEF4-F5A9-40D4-AB57-B7FDFA371F01}.Debug|x64.Build.0 = Debug|Any CPU
		{1CA8CEF4-F5A9-40D4-AB57-B7FDFA371F01}.Debug|x86.ActiveCfg = Debug|Any CPU
		{1CA8CEF4-F5A9-40D4-AB57-B7FDFA371F01}.Debug|x86.Build.0 = Debug|Any CPU
		{1CA8CEF4-F5A9-40D4-AB57-B7FDFA371F01}.Release|Any CPU.ActiveCfg = Release|Any CPU
		{1CA8CEF4-F5A9-40D4-AB57-B7FDFA371F01}.Release|Any CPU.Build.0 = Release|Any CPU
		{1CA8CEF4-F5A9-40D4-AB57-B7FDFA371F01}.Release|x64.ActiveCfg = Release|Any CPU
		{1CA8CEF4-F5A9-40D4-AB57-B7FDFA371F01}.Release|x64.Build.0 = Release|Any CPU
		{1CA8CEF4-F5A9-40D4-AB57-B7FDFA371F01}.Release|x86.ActiveCfg = Release|Any CPU
		{1CA8CEF4-F5A9-40D4-AB57-B7FDFA371F01}.Release|x86.Build.0 = Release|Any CPU
	EndGlobalSection
	GlobalSection(SolutionProperties) = preSolution
		HideSolutionNode = FALSE
	EndGlobalSection
EndGlobal
